
Microsoft Visual Studio Solution File, Format Version 12.00
# Visual Studio Version 17
VisualStudioVersion = 17.2.32210.308
MinimumVisualStudioVersion = 10.0.40219.1
Project("{FAE04EC0-301F-11D3-BF4B-00C04F79EFBC}") = "DonutCSharp", "DonutCSharp\DonutCSharp.csproj", "{716B89BC-F430-4ADB-BFD0-017848F08348}"
EndProject
Global
	GlobalSection(SolutionConfigurationPlatforms) = preSolution
		Debug|Any CPU = Debug|Any CPU
		Release|Any CPU = Release|Any CPU
	EndGlobalSection
	GlobalSection(ProjectConfigurationPlatforms) = postSolution
		{716B89BC-F430-4ADB-BFD0-017848F08348}.Debug|Any CPU.ActiveCfg = Debug|Any CPU
		{716B89BC-F430-4ADB-BFD0-017848F08348}.Debug|Any CPU.Build.0 = Debug|Any CPU
		{716B89BC-F430-4ADB-BFD0-017848F08348}.Release|Any CPU.ActiveCfg = Release|Any CPU
		{716B89BC-F430-4ADB-BFD0-017848F08348}.Release|Any CPU.Build.0 = Release|Any CPU
	EndGlobalSection
	GlobalSection(SolutionProperties) = preSolution
		HideSolutionNode = FALSE
	EndGlobalSection
	GlobalSection(ExtensibilityGlobals) = postSolution
		SolutionGuid = {3B8D9331-02AD-4799-88A2-4CF2F2336259}
	EndGlobalSection
EndGlobal
